
Microsoft Visual Studio Solution File, Format Version 12.00
# Visual Studio Version 17
VisualStudioVersion = 17.8.34408.163
MinimumVisualStudioVersion = 10.0.40219.1
Project("{9A19103F-16F7-4668-BE54-9A1E7A4F7556}") = "CC31N-GitProjectProblem", "CC31N-GitProjectProblem\CC31N-GitProjectProblem.csproj", "{A0EFEF8D-073B-45FC-B294-2B2DC924432A}"
EndProject
Project("{9A19103F-16F7-4668-BE54-9A1E7A4F7556}") = "Engine", "Engine\Engine.csproj", "{57F29CC9-11D2-45F0-B792-7CC785105327}"
EndProject
Global
	GlobalSection(SolutionConfigurationPlatforms) = preSolution
		Debug|Any CPU = Debug|Any CPU
		Release|Any CPU = Release|Any CPU
	EndGlobalSection
	GlobalSection(ProjectConfigurationPlatforms) = postSolution
		{A0EFEF8D-073B-45FC-B294-2B2DC924432A}.Debug|Any CPU.ActiveCfg = Debug|Any CPU
		{A0EFEF8D-073B-45FC-B294-2B2DC924432A}.Debug|Any CPU.Build.0 = Debug|Any CPU
		{A0EFEF8D-073B-45FC-B294-2B2DC924432A}.Release|Any CPU.ActiveCfg = Release|Any CPU
		{A0EFEF8D-073B-45FC-B294-2B2DC924432A}.Release|Any CPU.Build.0 = Release|Any CPU
		{57F29CC9-11D2-45F0-B792-7CC785105327}.Debug|Any CPU.ActiveCfg = Debug|Any CPU
		{57F29CC9-11D2-45F0-B792-7CC785105327}.Debug|Any CPU.Build.0 = Debug|Any CPU
		{57F29CC9-11D2-45F0-B792-7CC785105327}.Release|Any CPU.ActiveCfg = Release|Any CPU
		{57F29CC9-11D2-45F0-B792-7CC785105327}.Release|Any CPU.Build.0 = Release|Any CPU
	EndGlobalSection
	GlobalSection(SolutionProperties) = preSolution
		HideSolutionNode = FALSE
	EndGlobalSection
	GlobalSection(ExtensibilityGlobals) = postSolution
		SolutionGuid = {8AD73AAF-19CC-47BC-BDA2-7FD1552996E0}
	EndGlobalSection
EndGlobal
